
Microsoft Visual Studio Solution File, Format Version 12.00
# Visual Studio 15
VisualStudioVersion = 15.0.27130.2027
MinimumVisualStudioVersion = 10.0.40219.1
Project("{FAE04EC0-301F-11D3-BF4B-00C04F79EFBC}") = "arcEye", "arcEye\arcEye.csproj", "{86560E20-3496-4AD5-A2EF-5B0BB108A59E}"
EndProject
Global
	GlobalSection(SolutionConfigurationPlatforms) = preSolution
		Debug|Any CPU = Debug|Any CPU
		Release|Any CPU = Release|Any CPU
	EndGlobalSection
	GlobalSection(ProjectConfigurationPlatforms) = postSolution
		{86560E20-3496-4AD5-A2EF-5B0BB108A59E}.Debug|Any CPU.ActiveCfg = Debug|Any CPU
		{86560E20-3496-4AD5-A2EF-5B0BB108A59E}.Debug|Any CPU.Build.0 = Debug|Any CPU
		{86560E20-3496-4AD5-A2EF-5B0BB108A59E}.Release|Any CPU.ActiveCfg = Release|Any CPU
		{86560E20-3496-4AD5-A2EF-5B0BB108A59E}.Release|Any CPU.Build.0 = Release|Any CPU
	EndGlobalSection
	GlobalSection(SolutionProperties) = preSolution
		HideSolutionNode = FALSE
	EndGlobalSection
	GlobalSection(ExtensibilityGlobals) = postSolution
		SolutionGuid = {F5AAA736-35DA-4158-A2A2-9B2653DC62F0}
	EndGlobalSection
EndGlobal
